
Microsoft Visual Studio Solution File, Format Version 12.00
# Visual Studio Version 17
VisualStudioVersion = 17.12.35506.116
MinimumVisualStudioVersion = 10.0.40219.1
Project("{2150E333-8FDC-42A3-9474-1A3956D46DE8}") = "src", "src", "{49EF6D44-0365-4313-8650-3682ECC1CC37}"
EndProject
Project("{2150E333-8FDC-42A3-9474-1A3956D46DE8}") = "01-Domain", "01-Domain", "{2E4C5C72-02C5-4BB0-9B7F-0412B1BF19AC}"
EndProject
Project("{2150E333-8FDC-42A3-9474-1A3956D46DE8}") = "02-InfraStructure", "02-InfraStructure", "{9BF33940-D9A3-4883-9435-4F07F9ACEDAF}"
EndProject
Project("{2150E333-8FDC-42A3-9474-1A3956D46DE8}") = "03-Endpoints", "03-Endpoints", "{02369B3B-E4B4-4C38-9E15-FED0E1520F09}"
EndProject
Project("{2150E333-8FDC-42A3-9474-1A3956D46DE8}") = "Services", "Services", "{F0FFE238-E045-4BB7-ABCB-D14F5634BDEB}"
EndProject
Project("{2150E333-8FDC-42A3-9474-1A3956D46DE8}") = "Core", "Core", "{96170C31-8865-4F13-B312-6536F68DA3D6}"
EndProject
Project("{FAE04EC0-301F-11D3-BF4B-00C04F79EFBC}") = "App.Domain.Core", "App.Domain.Core\App.Domain.Core.csproj", "{E0A41716-931B-479A-A010-3A246CC38515}"
EndProject
Project("{2150E333-8FDC-42A3-9474-1A3956D46DE8}") = "Db", "Db", "{3E242609-697F-473F-AC18-A6EEA7F737EB}"
EndProject
Project("{2150E333-8FDC-42A3-9474-1A3956D46DE8}") = "DataAccess", "DataAccess", "{B231C0C4-0713-40A3-992E-2774009B4E49}"
EndProject
Project("{FAE04EC0-301F-11D3-BF4B-00C04F79EFBC}") = "App.Infra.Data.SqlService.Ef", "App.Infra.Data.SqlService.Ef\App.Infra.Data.SqlService.Ef.csproj", "{992BFE67-1D4E-4961-A684-34F636FF7E71}"
EndProject
Project("{FAE04EC0-301F-11D3-BF4B-00C04F79EFBC}") = "MVCApp.EndPoint", "MVCApp.EndPoint\MVCApp.EndPoint.csproj", "{49A5C4E5-04AB-44F9-A4DC-062F54C14D7C}"
EndProject
Project("{FAE04EC0-301F-11D3-BF4B-00C04F79EFBC}") = "App.Infra.DataAccess.EF", "App.Infra.DataAccess.EF\App.Infra.DataAccess.EF.csproj", "{25EDF9EB-8736-473E-97BC-FC56D071F9E4}"
EndProject
Project("{FAE04EC0-301F-11D3-BF4B-00C04F79EFBC}") = "App.Domain.Services", "App.Domain.Services\App.Domain.Services.csproj", "{0BA0821C-4C6D-4A76-9740-A4E634371369}"
EndProject
Project("{FAE04EC0-301F-11D3-BF4B-00C04F79EFBC}") = "App.Domain.AppServices", "App.Domain.AppServices\App.Domain.AppServices.csproj", "{F5CCCB2B-2400-4AB8-87D1-CD9DB8953E6C}"
EndProject
Global
	GlobalSection(SolutionConfigurationPlatforms) = preSolution
		Debug|Any CPU = Debug|Any CPU
		Release|Any CPU = Release|Any CPU
	EndGlobalSection
	GlobalSection(ProjectConfigurationPlatforms) = postSolution
		{E0A41716-931B-479A-A010-3A246CC38515}.Debug|Any CPU.ActiveCfg = Debug|Any CPU
		{E0A41716-931B-479A-A010-3A246CC38515}.Debug|Any CPU.Build.0 = Debug|Any CPU
		{E0A41716-931B-479A-A010-3A246CC38515}.Release|Any CPU.ActiveCfg = Release|Any CPU
		{E0A41716-931B-479A-A010-3A246CC38515}.Release|Any CPU.Build.0 = Release|Any CPU
		{992BFE67-1D4E-4961-A684-34F636FF7E71}.Debug|Any CPU.ActiveCfg = Debug|Any CPU
		{992BFE67-1D4E-4961-A684-34F636FF7E71}.Debug|Any CPU.Build.0 = Debug|Any CPU
		{992BFE67-1D4E-4961-A684-34F636FF7E71}.Release|Any CPU.ActiveCfg = Release|Any CPU
		{992BFE67-1D4E-4961-A684-34F636FF7E71}.Release|Any CPU.Build.0 = Release|Any CPU
		{49A5C4E5-04AB-44F9-A4DC-062F54C14D7C}.Debug|Any CPU.ActiveCfg = Debug|Any CPU
		{49A5C4E5-04AB-44F9-A4DC-062F54C14D7C}.Debug|Any CPU.Build.0 = Debug|Any CPU
		{49A5C4E5-04AB-44F9-A4DC-062F54C14D7C}.Release|Any CPU.ActiveCfg = Release|Any CPU
		{49A5C4E5-04AB-44F9-A4DC-062F54C14D7C}.Release|Any CPU.Build.0 = Release|Any CPU
		{25EDF9EB-8736-473E-97BC-FC56D071F9E4}.Debug|Any CPU.ActiveCfg = Debug|Any CPU
		{25EDF9EB-8736-473E-97BC-FC56D071F9E4}.Debug|Any CPU.Build.0 = Debug|Any CPU
		{25EDF9EB-8736-473E-97BC-FC56D071F9E4}.Release|Any CPU.ActiveCfg = Release|Any CPU
		{25EDF9EB-8736-473E-97BC-FC56D071F9E4}.Release|Any CPU.Build.0 = Release|Any CPU
		{0BA0821C-4C6D-4A76-9740-A4E634371369}.Debug|Any CPU.ActiveCfg = Debug|Any CPU
		{0BA0821C-4C6D-4A76-9740-A4E634371369}.Debug|Any CPU.Build.0 = Debug|Any CPU
		{0BA0821C-4C6D-4A76-9740-A4E634371369}.Release|Any CPU.ActiveCfg = Release|Any CPU
		{0BA0821C-4C6D-4A76-9740-A4E634371369}.Release|Any CPU.Build.0 = Release|Any CPU
		{F5CCCB2B-2400-4AB8-87D1-CD9DB8953E6C}.Debug|Any CPU.ActiveCfg = Debug|Any CPU
		{F5CCCB2B-2400-4AB8-87D1-CD9DB8953E6C}.Debug|Any CPU.Build.0 = Debug|Any CPU
		{F5CCCB2B-2400-4AB8-87D1-CD9DB8953E6C}.Release|Any CPU.ActiveCfg = Release|Any CPU
		{F5CCCB2B-2400-4AB8-87D1-CD9DB8953E6C}.Release|Any CPU.Build.0 = Release|Any CPU
	EndGlobalSection
	GlobalSection(SolutionProperties) = preSolution
		HideSolutionNode = FALSE
	EndGlobalSection
	GlobalSection(NestedProjects) = preSolution
		{2E4C5C72-02C5-4BB0-9B7F-0412B1BF19AC} = {49EF6D44-0365-4313-8650-3682ECC1CC37}
		{9BF33940-D9A3-4883-9435-4F07F9ACEDAF} = {49EF6D44-0365-4313-8650-3682ECC1CC37}
		{02369B3B-E4B4-4C38-9E15-FED0E1520F09} = {49EF6D44-0365-4313-8650-3682ECC1CC37}
		{F0FFE238-E045-4BB7-ABCB-D14F5634BDEB} = {2E4C5C72-02C5-4BB0-9B7F-0412B1BF19AC}
		{96170C31-8865-4F13-B312-6536F68DA3D6} = {2E4C5C72-02C5-4BB0-9B7F-0412B1BF19AC}
		{E0A41716-931B-479A-A010-3A246CC38515} = {96170C31-8865-4F13-B312-6536F68DA3D6}
		{3E242609-697F-473F-AC18-A6EEA7F737EB} = {9BF33940-D9A3-4883-9435-4F07F9ACEDAF}
		{B231C0C4-0713-40A3-992E-2774009B4E49} = {9BF33940-D9A3-4883-9435-4F07F9ACEDAF}
		{992BFE67-1D4E-4961-A684-34F636FF7E71} = {3E242609-697F-473F-AC18-A6EEA7F737EB}
		{49A5C4E5-04AB-44F9-A4DC-062F54C14D7C} = {02369B3B-E4B4-4C38-9E15-FED0E1520F09}
		{25EDF9EB-8736-473E-97BC-FC56D071F9E4} = {B231C0C4-0713-40A3-992E-2774009B4E49}
		{0BA0821C-4C6D-4A76-9740-A4E634371369} = {F0FFE238-E045-4BB7-ABCB-D14F5634BDEB}
		{F5CCCB2B-2400-4AB8-87D1-CD9DB8953E6C} = {F0FFE238-E045-4BB7-ABCB-D14F5634BDEB}
	EndGlobalSection
EndGlobal
